
Microsoft Visual Studio Solution File, Format Version 12.00
# Visual Studio Version 17
VisualStudioVersion = 17.3.32922.545
MinimumVisualStudioVersion = 10.0.40219.1
Project("{9A19103F-16F7-4668-BE54-9A1E7A4F7556}") = "ChannelDemo", "ChannelDemo\ChannelDemo.csproj", "{DD934A73-0B78-4CCE-82C9-B8A018BC2A17}"
EndProject
Project("{9A19103F-16F7-4668-BE54-9A1E7A4F7556}") = "NullableDemo", "NullableDemo\NullableDemo.csproj", "{BF5A65B2-D04F-4017-AE2B-343280D89B54}"
EndProject
Project("{FAE04EC0-301F-11D3-BF4B-00C04F79EFBC}") = "DesignPatterns", "DesignPatterns\DesignPatterns.csproj", "{E440250B-45E2-4F2A-8F3B-5CBB6F0AA019}"
EndProject
Global
	GlobalSection(SolutionConfigurationPlatforms) = preSolution
		Debug|Any CPU = Debug|Any CPU
		Release|Any CPU = Release|Any CPU
	EndGlobalSection
	GlobalSection(ProjectConfigurationPlatforms) = postSolution
		{DD934A73-0B78-4CCE-82C9-B8A018BC2A17}.Debug|Any CPU.ActiveCfg = Debug|Any CPU
		{DD934A73-0B78-4CCE-82C9-B8A018BC2A17}.Debug|Any CPU.Build.0 = Debug|Any CPU
		{DD934A73-0B78-4CCE-82C9-B8A018BC2A17}.Release|Any CPU.ActiveCfg = Release|Any CPU
		{DD934A73-0B78-4CCE-82C9-B8A018BC2A17}.Release|Any CPU.Build.0 = Release|Any CPU
		{BF5A65B2-D04F-4017-AE2B-343280D89B54}.Debug|Any CPU.ActiveCfg = Debug|Any CPU
		{BF5A65B2-D04F-4017-AE2B-343280D89B54}.Debug|Any CPU.Build.0 = Debug|Any CPU
		{BF5A65B2-D04F-4017-AE2B-343280D89B54}.Release|Any CPU.ActiveCfg = Release|Any CPU
		{BF5A65B2-D04F-4017-AE2B-343280D89B54}.Release|Any CPU.Build.0 = Release|Any CPU
		{E440250B-45E2-4F2A-8F3B-5CBB6F0AA019}.Debug|Any CPU.ActiveCfg = Debug|Any CPU
		{E440250B-45E2-4F2A-8F3B-5CBB6F0AA019}.Debug|Any CPU.Build.0 = Debug|Any CPU
		{E440250B-45E2-4F2A-8F3B-5CBB6F0AA019}.Release|Any CPU.ActiveCfg = Release|Any CPU
		{E440250B-45E2-4F2A-8F3B-5CBB6F0AA019}.Release|Any CPU.Build.0 = Release|Any CPU
	EndGlobalSection
	GlobalSection(SolutionProperties) = preSolution
		HideSolutionNode = FALSE
	EndGlobalSection
	GlobalSection(ExtensibilityGlobals) = postSolution
		SolutionGuid = {A883C3B2-36F9-47B8-9465-798E58B10183}
	EndGlobalSection
EndGlobal
