
Microsoft Visual Studio Solution File, Format Version 12.00
# Visual Studio Version 16
VisualStudioVersion = 16.0.30804.86
MinimumVisualStudioVersion = 10.0.40219.1
Project("{FAE04EC0-301F-11D3-BF4B-00C04F79EFBC}") = "ChannelDemo", "ChannelDemo\ChannelDemo.csproj", "{DD934A73-0B78-4CCE-82C9-B8A018BC2A17}"
EndProject
Global
	GlobalSection(SolutionConfigurationPlatforms) = preSolution
		Debug|Any CPU = Debug|Any CPU
		Release|Any CPU = Release|Any CPU
	EndGlobalSection
	GlobalSection(ProjectConfigurationPlatforms) = postSolution
		{DD934A73-0B78-4CCE-82C9-B8A018BC2A17}.Debug|Any CPU.ActiveCfg = Debug|Any CPU
		{DD934A73-0B78-4CCE-82C9-B8A018BC2A17}.Debug|Any CPU.Build.0 = Debug|Any CPU
		{DD934A73-0B78-4CCE-82C9-B8A018BC2A17}.Release|Any CPU.ActiveCfg = Release|Any CPU
		{DD934A73-0B78-4CCE-82C9-B8A018BC2A17}.Release|Any CPU.Build.0 = Release|Any CPU
	EndGlobalSection
	GlobalSection(SolutionProperties) = preSolution
		HideSolutionNode = FALSE
	EndGlobalSection
	GlobalSection(ExtensibilityGlobals) = postSolution
		SolutionGuid = {A883C3B2-36F9-47B8-9465-798E58B10183}
	EndGlobalSection
EndGlobal
